{
  "pins" : [
    {
      "identity" : "argon2swift",
      "kind" : "remoteSourceControl",
      "location" : "https://github.com/tmthecoder/Argon2Swift.git",
      "state" : {
        "branch" : "main",
        "revision" : "2f5799c234b7ceeefdf631b709a47afacc5704d2"
      }
    },
    {
      "identity" : "async-http-client",
      "kind" : "remoteSourceControl",
      "location" : "https://github.com/swift-server/async-http-client.git",
      "state" : {
        "revision" : "0527bbb466b8f48b36fe48933c425c42dac09358",
        "version" : "1.11.3"
      }
    },
    {
      "identity" : "async-kit",
      "kind" : "remoteSourceControl",
      "location" : "https://github.com/vapor/async-kit.git",
      "state" : {
        "revision" : "a61da00d404ec91d12766f1b9aac7d90777b484d",
        "version" : "1.17.0"
      }
    },
    {
      "identity" : "console-kit",
      "kind" : "remoteSourceControl",
      "location" : "https://github.com/vapor/console-kit.git",
      "state" : {
        "revision" : "a7e67a1719933318b5ab7eaaed355cde020465b1",
        "version" : "4.5.0"
      }
    },
    {
      "identity" : "fluent",
      "kind" : "remoteSourceControl",
      "location" : "https://github.com/vapor/fluent.git",
      "state" : {
        "revision" : "4b4d8bf15a06fd60137e9c543e5503c4b842654e",
        "version" : "4.8.0"
      }
    },
    {
      "identity" : "fluent-kit",
      "kind" : "remoteSourceControl",
      "location" : "https://github.com/vapor/fluent-kit.git",
      "state" : {
        "revision" : "e53acf986e32c54fe522b2c12f737baa01828c1c",
        "version" : "1.42.2"
      }
    },
    {
      "identity" : "fluent-postgres-driver",
      "kind" : "remoteSourceControl",
      "location" : "https://github.com/vapor/fluent-postgres-driver.git",
      "state" : {
        "revision" : "c7cd0203c9d570888e5c6a22595a374ddaa3751d",
        "version" : "2.6.1"
      }
    },
    {
      "identity" : "jmespath.swift",
      "kind" : "remoteSourceControl",
      "location" : "https://github.com/adam-fowler/jmespath.swift.git",
      "state" : {
        "revision" : "4513d319c4aaa6c3b2ac18e1e6566a803515ad91",
        "version" : "1.0.2"
      }
    },
    {
      "identity" : "jwt",
      "kind" : "remoteSourceControl",
      "location" : "https://github.com/vapor/jwt.git",
      "state" : {
        "revision" : "506d238a707c0e7c1d2cf690863902eaf3bc4e94",
        "version" : "4.2.1"
      }
    },
    {
      "identity" : "jwt-kit",
      "kind" : "remoteSourceControl",
      "location" : "https://github.com/vapor/jwt-kit.git",
      "state" : {
        "revision" : "87ce13a1df913ba4d51cf00606df7ef24d455571",
        "version" : "4.7.0"
      }
    },
    {
      "identity" : "lexorank-swift",
      "kind" : "remoteSourceControl",
      "location" : "https://github.com/PinStudios/lexorank-swift",
      "state" : {
        "branch" : "main",
        "revision" : "70a03a9688d1235f6ac2b9bd41f7ff682c3ea0e2"
      }
    },
    {
      "identity" : "multipart-kit",
      "kind" : "remoteSourceControl",
      "location" : "https://github.com/vapor/multipart-kit.git",
      "state" : {
        "revision" : "0d55c35e788451ee27222783c7d363cb88092fab",
        "version" : "4.5.2"
      }
    },
    {
      "identity" : "nanoid",
      "kind" : "remoteSourceControl",
      "location" : "https://github.com/OffprintStudios/NanoID.git",
      "state" : {
        "revision" : "c6443fb773d11befd7fa7fac60b819ac587f76e8",
        "version" : "1.0.4"
      }
    },
    {
      "identity" : "phc-winner-argon2",
      "kind" : "remoteSourceControl",
      "location" : "https://github.com/P-H-C/phc-winner-argon2.git",
      "state" : {
        "branch" : "master",
        "revision" : "f57e61e19229e23c4445b85494dbf7c07de721cb"
      }
    },
    {
      "identity" : "postgres-kit",
      "kind" : "remoteSourceControl",
      "location" : "https://github.com/vapor/postgres-kit.git",
      "state" : {
        "revision" : "3a4e63e49534589fe682e934e898211debd7d10e",
        "version" : "2.10.1"
      }
    },
    {
      "identity" : "postgres-nio",
      "kind" : "remoteSourceControl",
      "location" : "https://github.com/vapor/postgres-nio.git",
      "state" : {
        "revision" : "2df54bc94607f44584ae6ffa74e3cd754fffafc7",
        "version" : "1.14.2"
      }
    },
    {
      "identity" : "queues",
      "kind" : "remoteSourceControl",
      "location" : "https://github.com/vapor/queues.git",
      "state" : {
        "revision" : "eab1970358be448d04b75f87094333f34b335dd8",
        "version" : "1.9.0"
      }
    },
    {
      "identity" : "queues-redis-driver",
      "kind" : "remoteSourceControl",
      "location" : "https://github.com/vapor/queues-redis-driver.git",
      "state" : {
        "revision" : "2728477b50e24be82f5bc0bd0722c35656e1c5b1",
        "version" : "1.0.3"
      }
    },
    {
      "identity" : "redis",
      "kind" : "remoteSourceControl",
      "location" : "https://github.com/vapor/redis.git",
      "state" : {
        "revision" : "e955843b08064071f465a6b1ca9e04bebad8623a",
        "version" : "4.6.0"
      }
    },
    {
      "identity" : "redistack",
      "kind" : "remoteSourceControl",
      "location" : "https://gitlab.com/mordil/RediStack.git",
      "state" : {
        "revision" : "5458d6476e05d5f1b43097f1bc9b599e936b5f2f",
        "version" : "1.3.0"
      }
    },
    {
      "identity" : "routing-kit",
      "kind" : "remoteSourceControl",
      "location" : "https://github.com/vapor/routing-kit.git",
      "state" : {
        "revision" : "ffac7b3a127ce1e85fb232f1a6271164628809ad",
        "version" : "4.6.0"
      }
    },
    {
      "identity" : "sendgrid",
      "kind" : "remoteSourceControl",
      "location" : "https://github.com/vapor-community/sendgrid.git",
      "state" : {
        "revision" : "c744bc4398bd8dec50e3a6cfb0cdeca1aa853c07",
        "version" : "4.0.0"
      }
    },
    {
      "identity" : "sendgrid-kit",
      "kind" : "remoteSourceControl",
      "location" : "https://github.com/vapor-community/sendgrid-kit.git",
      "state" : {
        "revision" : "2da9f9558c690af07219b1e63f126105b747fec8",
        "version" : "1.1.0"
      }
    },
    {
      "identity" : "soto",
      "kind" : "remoteSourceControl",
      "location" : "https://github.com/soto-project/soto.git",
      "state" : {
        "revision" : "18184ba84e97e598ee6c5a7b803851e049e6eab5",
        "version" : "6.6.0"
      }
    },
    {
      "identity" : "soto-core",
      "kind" : "remoteSourceControl",
      "location" : "https://github.com/soto-project/soto-core.git",
      "state" : {
        "revision" : "3462ca704a43ded3b5a2903f5df3280dd5fa6b1f",
        "version" : "6.5.0"
      }
    },
    {
      "identity" : "sql-kit",
      "kind" : "remoteSourceControl",
      "location" : "https://github.com/vapor/sql-kit.git",
      "state" : {
        "revision" : "d547122756534d8224d4599739da0e82e4695623",
        "version" : "3.25.0"
      }
    },
    {
      "identity" : "swift-algorithms",
      "kind" : "remoteSourceControl",
      "location" : "https://github.com/apple/swift-algorithms.git",
      "state" : {
        "revision" : "b14b7f4c528c942f121c8b860b9410b2bf57825e",
        "version" : "1.0.0"
      }
    },
    {
      "identity" : "swift-atomics",
      "kind" : "remoteSourceControl",
      "location" : "https://github.com/apple/swift-atomics.git",
      "state" : {
        "revision" : "6c89474e62719ddcc1e9614989fff2f68208fe10",
        "version" : "1.1.0"
      }
    },
    {
      "identity" : "swift-backtrace",
      "kind" : "remoteSourceControl",
      "location" : "https://github.com/swift-server/swift-backtrace.git",
      "state" : {
        "revision" : "f25620d5d05e2f1ba27154b40cafea2b67566956",
        "version" : "1.3.3"
      }
    },
    {
      "identity" : "swift-collections",
      "kind" : "remoteSourceControl",
      "location" : "https://github.com/apple/swift-collections.git",
      "state" : {
        "revision" : "48254824bb4248676bf7ce56014ff57b142b77eb",
        "version" : "1.0.2"
      }
    },
    {
      "identity" : "swift-crypto",
      "kind" : "remoteSourceControl",
      "location" : "https://github.com/apple/swift-crypto.git",
      "state" : {
        "revision" : "d9825fa541df64b1a7b182178d61b9a82730d01f",
        "version" : "2.1.0"
      }
    },
    {
      "identity" : "swift-log",
      "kind" : "remoteSourceControl",
      "location" : "https://github.com/apple/swift-log.git",
      "state" : {
        "revision" : "32e8d724467f8fe623624570367e3d50c5638e46",
        "version" : "1.5.2"
      }
    },
    {
      "identity" : "swift-metrics",
      "kind" : "remoteSourceControl",
      "location" : "https://github.com/apple/swift-metrics.git",
      "state" : {
        "revision" : "53be78637ecd165d1ddedc4e20de69b8f43ec3b7",
        "version" : "2.3.2"
      }
    },
    {
      "identity" : "swift-nio",
      "kind" : "remoteSourceControl",
      "location" : "https://github.com/apple/swift-nio.git",
      "state" : {
        "revision" : "546eaa261ec5028b9cc5c7fa883fba9dd5881a3b",
        "version" : "2.52.0"
      }
    },
    {
      "identity" : "swift-nio-extras",
      "kind" : "remoteSourceControl",
      "location" : "https://github.com/apple/swift-nio-extras.git",
      "state" : {
        "revision" : "a75e92bde3683241c15df3dd905b7a6dcac4d551",
        "version" : "1.12.1"
      }
    },
    {
      "identity" : "swift-nio-http2",
      "kind" : "remoteSourceControl",
      "location" : "https://github.com/apple/swift-nio-http2.git",
      "state" : {
        "revision" : "f9ab1c94c80d568efd762d2a638f25162691d766",
        "version" : "1.22.1"
      }
    },
    {
      "identity" : "swift-nio-ssl",
      "kind" : "remoteSourceControl",
      "location" : "https://github.com/apple/swift-nio-ssl.git",
      "state" : {
        "revision" : "9d0d5d8798a576fbf674a823734e65e15ca5f2ec",
        "version" : "2.23.1"
      }
    },
    {
      "identity" : "swift-nio-transport-services",
      "kind" : "remoteSourceControl",
      "location" : "https://github.com/apple/swift-nio-transport-services.git",
      "state" : {
        "revision" : "41f4098903878418537020075a4d8a6e20a0b182",
        "version" : "1.17.0"
      }
    },
    {
      "identity" : "swift-numerics",
      "kind" : "remoteSourceControl",
      "location" : "https://github.com/apple/swift-numerics",
      "state" : {
        "revision" : "0a5bc04095a675662cf24757cc0640aa2204253b",
        "version" : "1.0.2"
      }
    },
    {
      "identity" : "swiftsoup",
      "kind" : "remoteSourceControl",
      "location" : "https://github.com/scinfu/SwiftSoup.git",
      "state" : {
        "revision" : "0e96a20ffd37a515c5c963952d4335c89bed50a6",
        "version" : "2.6.0"
      }
    },
    {
      "identity" : "uaparserswift",
      "kind" : "remoteSourceControl",
      "location" : "https://github.com/malcommac/UAParserSwift.git",
      "state" : {
        "revision" : "a8057c7cff60db2cdf31d0a0a68ce430754ab64e",
        "version" : "1.2.1"
      }
    },
    {
      "identity" : "vapor",
      "kind" : "remoteSourceControl",
      "location" : "https://github.com/vapor/vapor.git",
      "state" : {
        "revision" : "f4b00a5350238fe896d865d96d64f12fcbbeda95",
        "version" : "4.76.0"
      }
    },
    {
      "identity" : "websocket-kit",
      "kind" : "remoteSourceControl",
      "location" : "https://github.com/vapor/websocket-kit.git",
      "state" : {
        "revision" : "efb1bd5adab0381e521a50b11d3107081cdb5615",
        "version" : "2.6.0"
      }
    }
  ],
  "version" : 2
}
